
Microsoft Visual Studio Solution File, Format Version 12.00
# Visual Studio 2013
VisualStudioVersion = 12.0.31101.0
MinimumVisualStudioVersion = 10.0.40219.1
Project("{FAE04EC0-301F-11D3-BF4B-00C04F79EFBC}") = "CsvHelper.Excel", "CsvHelper.Excel\CsvHelper.Excel.csproj", "{5E5168E1-8F38-4981-9C12-23F34FF34049}"
EndProject
Project("{FAE04EC0-301F-11D3-BF4B-00C04F79EFBC}") = "CsvHelper.Excel35", "CsvHelper.Excel35\CsvHelper.Excel35.csproj", "{FB628F62-133C-4C87-8700-764B43357B16}"
EndProject
Project("{2150E333-8FDC-42A3-9474-1A3956D46DE8}") = "Solution Items", "Solution Items", "{50BA1FAB-DF95-4C4F-B4DC-5C3ED8DD24F4}"
	ProjectSection(SolutionItems) = preProject
		CsvHelper.Excel.nuspec = CsvHelper.Excel.nuspec
	EndProjectSection
EndProject
Global
	GlobalSection(SolutionConfigurationPlatforms) = preSolution
		Debug|Any CPU = Debug|Any CPU
		Release|Any CPU = Release|Any CPU
	EndGlobalSection
	GlobalSection(ProjectConfigurationPlatforms) = postSolution
		{5E5168E1-8F38-4981-9C12-23F34FF34049}.Debug|Any CPU.ActiveCfg = Debug|Any CPU
		{5E5168E1-8F38-4981-9C12-23F34FF34049}.Debug|Any CPU.Build.0 = Debug|Any CPU
		{5E5168E1-8F38-4981-9C12-23F34FF34049}.Release|Any CPU.ActiveCfg = Release|Any CPU
		{5E5168E1-8F38-4981-9C12-23F34FF34049}.Release|Any CPU.Build.0 = Release|Any CPU
		{FB628F62-133C-4C87-8700-764B43357B16}.Debug|Any CPU.ActiveCfg = Debug|Any CPU
		{FB628F62-133C-4C87-8700-764B43357B16}.Debug|Any CPU.Build.0 = Debug|Any CPU
		{FB628F62-133C-4C87-8700-764B43357B16}.Release|Any CPU.ActiveCfg = Release|Any CPU
		{FB628F62-133C-4C87-8700-764B43357B16}.Release|Any CPU.Build.0 = Release|Any CPU
	EndGlobalSection
	GlobalSection(SolutionProperties) = preSolution
		HideSolutionNode = FALSE
	EndGlobalSection
EndGlobal
